{
  "name": "bittorrent-client",
  "version": "1.0.0",
  "lockfileVersion": 3,
  "requires": true,
  "packages": {
    "": {
      "name": "bittorrent-client",
      "version": "1.0.0",
      "license": "ISC",
      "dependencies": {
        "bignumber.js": "^9.1.2",
        "bncode": "^0.5.3",
        "chalk": "^5.3.0"
      }
    },
    "node_modules/bignumber.js": {
      "version": "9.1.2",
      "resolved": "https://registry.npmjs.org/bignumber.js/-/bignumber.js-9.1.2.tgz",
      "integrity": "sha512-2/mKyZH9K85bzOEfhXDBFZTGd1CTs+5IHpeFQo9luiBG7hghdC851Pj2WAhb6E3R6b9tZj/XKhbg4fum+Kepug==",
      "license": "MIT",
      "engines": {
        "node": "*"
      }
    },
    "node_modules/bncode": {
      "version": "0.5.3",
      "resolved": "https://registry.npmjs.org/bncode/-/bncode-0.5.3.tgz",
      "integrity": "sha512-0P5VuWobU5Gwbeio8n9Jsdv0tE1IikrV9n4f7RsnXHNtxmdd/oeIO6QyoSEUAEyo5P6i3XMfBppi82WqNsT4JA=="
    },
    "node_modules/chalk": {
      "version": "5.3.0",
      "resolved": "https://registry.npmjs.org/chalk/-/chalk-5.3.0.tgz",
      "integrity": "sha512-dLitG79d+GV1Nb/VYcCDFivJeK1hiukt9QjRNVOsUtTy1rR1YJsmpGGTZ3qJos+uw7WmWF4wUwBd9jxjocFC2w==",
      "license": "MIT",
      "engines": {
        "node": "^12.17.0 || ^14.13 || >=16.0.0"
      },
      "funding": {
        "url": "https://github.com/chalk/chalk?sponsor=1"
      }
    }
  }
}
